
Microsoft Visual Studio Solution File, Format Version 12.00
# Visual Studio Version 16
VisualStudioVersion = 16.0.29326.143
MinimumVisualStudioVersion = 10.0.40219.1
Project("{FAE04EC0-301F-11D3-BF4B-00C04F79EFBC}") = "Roadtrip", "Roadtrip\Roadtrip.csproj", "{C8D70945-C39F-4714-98CE-7ACC16E05641}"
EndProject
Global
	GlobalSection(SolutionConfigurationPlatforms) = preSolution
		Debug|Any CPU = Debug|Any CPU
		Release|Any CPU = Release|Any CPU
	EndGlobalSection
	GlobalSection(ProjectConfigurationPlatforms) = postSolution
		{C8D70945-C39F-4714-98CE-7ACC16E05641}.Debug|Any CPU.ActiveCfg = Debug|Any CPU
		{C8D70945-C39F-4714-98CE-7ACC16E05641}.Debug|Any CPU.Build.0 = Debug|Any CPU
		{C8D70945-C39F-4714-98CE-7ACC16E05641}.Release|Any CPU.ActiveCfg = Release|Any CPU
		{C8D70945-C39F-4714-98CE-7ACC16E05641}.Release|Any CPU.Build.0 = Release|Any CPU
	EndGlobalSection
	GlobalSection(SolutionProperties) = preSolution
		HideSolutionNode = FALSE
	EndGlobalSection
	GlobalSection(ExtensibilityGlobals) = postSolution
		SolutionGuid = {1719285C-9A60-41CB-912C-537B8BBE3168}
	EndGlobalSection
EndGlobal
